version = 1
revision = 3
requires-python = ">=3.11"

[[package]]
name = "aiofiles"
version = "25.1.0"
source = { registry = "https://pypi.org/simple" }
sdist = { url = "https://files.pythonhosted.org/packages/41/c3/534eac40372d8ee36ef40df62ec129bee4fdb5ad9706e58a29be53b2c970/aiofiles-25.1.0.tar.gz", hash = "sha256:a8d728f0a29de45dc521f18f07297428d56992a742f0cd2701ba86e44d23d5b2", size = 46354, upload-time = "2025-10-09T20:51:04.358Z" }
wheels = [
    { url = "https://files.pythonhosted.org/packages/bc/8a/340a1555ae33d7354dbca4faa54948d76d89a27ceef032c8c3bc661d003e/aiofiles-25.1.0-py3-none-any.whl", hash = "sha256:abe311e527c862958650f9438e859c1fa7568a141b22abcd015e120e86a85695", size = 14668, upload-time = "2025-10-09T20:51:03.174Z" },
]

[[package]]
name = "dnspython"
version = "2.8.0"
source = { registry = "https://pypi.org/simple" }
sdist = { url = "https://files.pythonhosted.org/packages/8c/8b/57666417c0f90f08bcafa776861060426765fdb422eb10212086fb811d26/dnspython-2.8.0.tar.gz", hash = "sha256:181d3c6996452cb1189c4046c61599b84a5a86e099562ffde77d26984ff26d0f", size = 368251, upload-time = "2025-09-07T18:58:00.022Z" }
wheels = [
    { url = "https://files.pythonhosted.org/packages/ba/5a/18ad964b0086c6e62e2e7500f7edc89e3faa45033c71c1893d34eed2b2de/dnspython-2.8.0-py3-none-any.whl", hash = "sha256:01d9bbc4a2d76bf0db7c1f729812ded6d912bd318d3b1cf81d30c0f845dbf3af", size = 331094, upload-time = "2025-09-07T18:57:58.071Z" },
]

[[package]]
name = "motor"
version = "3.7.1"
source = { registry = "https://pypi.org/simple" }
dependencies = [
    { name = "pymongo" },
]
sdist = { url = "https://files.pythonhosted.org/packages/93/ae/96b88362d6a84cb372f7977750ac2a8aed7b2053eed260615df08d5c84f4/motor-3.7.1.tar.gz", hash = "sha256:27b4d46625c87928f331a6ca9d7c51c2f518ba0e270939d395bc1ddc89d64526", size = 280997, upload-time = "2025-05-14T18:56:33.653Z" }
wheels = [
    { url = "https://files.pythonhosted.org/packages/01/9a/35e053d4f442addf751ed20e0e922476508ee580786546d699b0567c4c67/motor-3.7.1-py3-none-any.whl", hash = "sha256:8a63b9049e38eeeb56b4fdd57c3312a6d1f25d01db717fe7d82222393c410298", size = 74996, upload-time = "2025-05-14T18:56:31.665Z" },
]

[[package]]
name = "pyaes"
version = "1.6.1"
source = { registry = "https://pypi.org/simple" }
sdist = { url = "https://files.pythonhosted.org/packages/44/66/2c17bae31c906613795711fc78045c285048168919ace2220daa372c7d72/pyaes-1.6.1.tar.gz", hash = "sha256:02c1b1405c38d3c370b085fb952dd8bea3fadcee6411ad99f312cc129c536d8f", size = 28536, upload-time = "2017-09-20T21:17:54.23Z" }

[[package]]
name = "pymongo"
version = "4.15.4"
source = { registry = "https://pypi.org/simple" }
dependencies = [
    { name = "dnspython" },
]
sdist = { url = "https://files.pythonhosted.org/packages/74/81/6d66e62a5d1c5323dca79e9fb34ac8211df76f6c16625f9499a37b796314/pymongo-4.15.4.tar.gz", hash = "sha256:6ba7cdf46f03f406f77969a8081cfb659af16c0eee26b79a0a14e25f6c00827b", size = 2471218, upload-time = "2025-11-11T20:52:37.31Z" }
wheels = [
    { url = "https://files.pythonhosted.org/packages/71/a4/b1a724352ab47a8925f30931a6aa6f905dcf473d8404156ef608ec325fbd/pymongo-4.15.4-cp311-cp311-macosx_10_9_x86_64.whl", hash = "sha256:b2967bda6ccac75aefad26c4ef295f5054181d69928bb9d1159227d6771e8887", size = 865881, upload-time = "2025-11-11T20:50:40.275Z" },
    { url = "https://files.pythonhosted.org/packages/09/d4/6f4db5b64b0b71f0cbe608a80aea8b2580b5e1db4da1f9a70ae5531e9f1d/pymongo-4.15.4-cp311-cp311-macosx_11_0_arm64.whl", hash = "sha256:7df1fad859c61bdbe0e2a0dec8f5893729d99b4407b88568e0e542d25f383f57", size = 866225, upload-time = "2025-11-11T20:50:41.842Z" },
    { url = "https://files.pythonhosted.org/packages/0f/44/9d96fa635b838348109f904f558aa6675fdfb0a9265060050d7a92afbf97/pymongo-4.15.4-cp311-cp311-manylinux1_i686.manylinux_2_28_i686.manylinux_2_5_i686.whl", hash = "sha256:990c4898787e706d0ab59141cf5085c981d89c3f86443cd6597939d9f25dd71d", size = 1429778, upload-time = "2025-11-11T20:50:43.801Z" },
    { url = "https://files.pythonhosted.org/packages/9f/e6/eac0b3ca4ea1cd437983f1409cb6260e606cce11ea3cb6f5ccd8629fa5c2/pymongo-4.15.4-cp311-cp311-manylinux2014_aarch64.manylinux_2_17_aarch64.manylinux_2_28_aarch64.whl", hash = "sha256:ad7ff0347e8306fc62f146bdad0635d9eec1d26e246c97c14dd1a189d3480e3f", size = 1456739, upload-time = "2025-11-11T20:50:45.479Z" },
    { url = "https://files.pythonhosted.org/packages/73/7e/b7adba0c8dfc2dced7632c61425a70048bddf953b07bf6232a4ea7f0fb7e/pymongo-4.15.4-cp311-cp311-manylinux2014_ppc64le.manylinux_2_17_ppc64le.manylinux_2_28_ppc64le.whl", hash = "sha256:dd8c78c59fd7308239ef9bcafb7cd82f08cbc9466d1cfda22f9025c83468bf6d", size = 1514659, upload-time = "2025-11-11T20:50:47.517Z" },
    { url = "https://files.pythonhosted.org/packages/20/8b/cdc129f1bee5595018c52ff81baaec818301e705ee39cf00d9d5f68a3d0d/pymongo-4.15.4-cp311-cp311-manylinux2014_s390x.manylinux_2_17_s390x.manylinux_2_28_s390x.whl", hash = "sha256:44d95677aa23fe479bb531b393a4fad0210f808af52e4ab2b79c0b540c828957", size = 1500700, upload-time = "2025-11-11T20:50:49.183Z" },
    { url = "https://files.pythonhosted.org/packages/1f/02/e706a63f00542531a4c723258ae3da3439925de02215710a18813fbe1db4/pymongo-4.15.4-cp311-cp311-manylinux2014_x86_64.manylinux_2_17_x86_64.manylinux_2_28_x86_64.whl", hash = "sha256:4ab985e61376ae5a04f162fb6bdddaffc7beec883ffbd9d84ea86a71be794d74", size = 1452011, upload-time = "2025-11-11T20:50:51.568Z" },
    { url = "https://files.pythonhosted.org/packages/37/36/6b78b105e8e1174ebda592ad31f02cb98ee9bd8bb2eeb621f54e2c714d03/pymongo-4.15.4-cp311-cp311-win32.whl", hash = "sha256:2f811e93dbcba0c488518ceae7873a40a64b6ad273622a18923ef2442eaab55c", size = 844471, upload-time = "2025-11-11T20:50:53.362Z" },
    { url = "https://files.pythonhosted.org/packages/a5/0d/3d009eed6ae045ee4f62877878070a07405af5e368d60a4a35efd177c25b/pymongo-4.15.4-cp311-cp311-win_amd64.whl", hash = "sha256:53bfcd8c11086a2457777cb4b1a6588d9dd6af77aeab47e04f2af02e3a077e59", size = 859189, upload-time = "2025-11-11T20:50:55.198Z" },
    { url = "https://files.pythonhosted.org/packages/d5/40/d5713b1d5e0b10402446632bab6a88918cd13e5fe1fa26beac177eb37dac/pymongo-4.15.4-cp311-cp311-win_arm64.whl", hash = "sha256:2096964b2b93607ed80a62ac6664396a826b7fe34e2b1eed3f20784681a17827", size = 848369, upload-time = "2025-11-11T20:50:57.164Z" },
    { url = "https://files.pythonhosted.org/packages/75/bb/09176c965d994352efd1407c9139799218f3fe1d18382dff34ef64e0bd22/pymongo-4.15.4-cp312-cp312-macosx_10_13_x86_64.whl", hash = "sha256:4ab4eef031e722a8027c338c3d71704a8c85c17c64625d61c6effdf8a893b971", size = 920943, upload-time = "2025-11-11T20:50:59.056Z" },
    { url = "https://files.pythonhosted.org/packages/94/97/d212bd8d9106acecf6948cc0a0ed640f58d8afaed427481b9e79db08f45c/pymongo-4.15.4-cp312-cp312-macosx_11_0_arm64.whl", hash = "sha256:0e12551e28007a341d15ebca5a024ef487edf304d612fba5efa1fd6b4d9a95a9", size = 920687, upload-time = "2025-11-11T20:51:00.683Z" },
    { url = "https://files.pythonhosted.org/packages/ff/81/7be727d6172fd80d8dd1c6fedb78675936396d2f2067fab270e443e04621/pymongo-4.15.4-cp312-cp312-manylinux1_i686.manylinux_2_28_i686.manylinux_2_5_i686.whl", hash = "sha256:1d21998fb9ccb3ea6d59a9f9971591b9efbcfbbe46350f7f8badef9b107707f3", size = 1690340, upload-time = "2025-11-11T20:51:02.392Z" },
    { url = "https://files.pythonhosted.org/packages/42/5a/91bf00e9d30d18b3e8ef3fa222964ba1e073d82c5f38dae027e63d36bcfd/pymongo-4.15.4-cp312-cp312-manylinux2014_aarch64.manylinux_2_17_aarch64.manylinux_2_28_aarch64.whl", hash = "sha256:9f83e8895d42eb51d259694affa9607c4d56e1c784928ccbbac568dc20df86a8", size = 1726082, upload-time = "2025-11-11T20:51:04.353Z" },
    { url = "https://files.pythonhosted.org/packages/ff/08/b7d8e765efa64cddf1844e8b889454542c765f8d119c87a4904f45addc07/pymongo-4.15.4-cp312-cp312-manylinux2014_ppc64le.manylinux_2_17_ppc64le.manylinux_2_28_ppc64le.whl", hash = "sha256:0bd8126a507afa8ce4b96976c8e28402d091c40b7d98e3b5987a371af059d9e7", size = 1800624, upload-time = "2025-11-11T20:51:06.222Z" },
    { url = "https://files.pythonhosted.org/packages/35/b0/40ec073ccc2cf95e8743315e6c92a81f37698d2e618c83ec7d9c3b647bd0/pymongo-4.15.4-cp312-cp312-manylinux2014_s390x.manylinux_2_17_s390x.manylinux_2_28_s390x.whl", hash = "sha256:e799e2cba7fcad5ab29f678784f90b1792fcb6393d571ecbe4c47d2888af30f3", size = 1785469, upload-time = "2025-11-11T20:51:07.893Z" },
    { url = "https://files.pythonhosted.org/packages/82/da/b1a27064404d5081f5391c3c81e4a6904acccb4766598e3aa14399d36feb/pymongo-4.15.4-cp312-cp312-manylinux2014_x86_64.manylinux_2_17_x86_64.manylinux_2_28_x86_64.whl", hash = "sha256:563e793ad87633e50ad43a8cd2c740fbb17fca4a4637185996575ddbe99960b8", size = 1718540, upload-time = "2025-11-11T20:51:09.574Z" },
    { url = "https://files.pythonhosted.org/packages/e7/8c/bee6159b4e434dc0413b399af2bd3795ef7427b2c2fe1b304df250c0a3d8/pymongo-4.15.4-cp312-cp312-win32.whl", hash = "sha256:39bb3c12c772241778f4d7bf74885782c8d68b309d3c69891fe39c729334adbd", size = 891308, upload-time = "2025-11-11T20:51:11.67Z" },
    { url = "https://files.pythonhosted.org/packages/cf/cb/cb70455fe2eadf4f6ccd27fe215e342b242e8b53780aeafb96cd1c3bf506/pymongo-4.15.4-cp312-cp312-win_amd64.whl", hash = "sha256:6f43326f36bc540b04f5a7f1aa8be40b112d7fc9f6e785ae3797cd72a804ffdd", size = 910911, upload-time = "2025-11-11T20:51:13.283Z" },
    { url = "https://files.pythonhosted.org/packages/41/81/20486a697474b7de25faee91d9c478eb410ae78cb4e50b15000184944a48/pymongo-4.15.4-cp312-cp312-win_arm64.whl", hash = "sha256:263cfa2731a4bbafdce2cf06cd511eba8957bd601b3cad9b4723f2543d42c730", size = 896347, upload-time = "2025-11-11T20:51:15.981Z" },
    { url = "https://files.pythonhosted.org/packages/51/10/09551492e484f7055194d91c071c827fc65261156e4daced35e67e97b893/pymongo-4.15.4-cp313-cp313-macosx_10_13_x86_64.whl", hash = "sha256:6ff080f23a12c943346e2bba76cf19c3d14fb3625956792aa22b69767bfb36de", size = 975326, upload-time = "2025-11-11T20:51:17.693Z" },
    { url = "https://files.pythonhosted.org/packages/aa/6e/8f153a6d7eaec9b334975000e16bfd11ec4050e8729d3e2ee67d7022f526/pymongo-4.15.4-cp313-cp313-macosx_11_0_arm64.whl", hash = "sha256:c4690e01d03773f7af21b1a8428029bd534c9fe467c6b594c591d8b992c0a975", size = 975132, upload-time = "2025-11-11T20:51:19.58Z" },
    { url = "https://files.pythonhosted.org/packages/7c/7d/037498c1354fae1ce2fc7738c981a7447a5fee021c22e76083540cc1f9d6/pymongo-4.15.4-cp313-cp313-manylinux1_i686.manylinux_2_28_i686.manylinux_2_5_i686.whl", hash = "sha256:78bfe3917d0606b30a91b02ad954c588007f82e2abb2575ac2665259b051a753", size = 1950964, upload-time = "2025-11-11T20:51:21.262Z" },
    { url = "https://files.pythonhosted.org/packages/ef/96/7c6b14956ef2ab99600d93b43429387394df6a99f5293cd0371c59a77a02/pymongo-4.15.4-cp313-cp313-manylinux2014_aarch64.manylinux_2_17_aarch64.manylinux_2_28_aarch64.whl", hash = "sha256:f53c83c3fd80fdb412ce4177d4f59b70b9bb1add6106877da044cf21e996316b", size = 1995249, upload-time = "2025-11-11T20:51:23.248Z" },
    { url = "https://files.pythonhosted.org/packages/2a/16/0e0495b38dd64efbfd6f2eb47535895c8df4a78e384aee78190fe2ecfa84/pymongo-4.15.4-cp313-cp313-manylinux2014_ppc64le.manylinux_2_17_ppc64le.manylinux_2_28_ppc64le.whl", hash = "sha256:2e41d6650c1cd77a8e7556ad65133455f819f8c8cdce3e9cf4bbf14252b7d805", size = 2086580, upload-time = "2025-11-11T20:51:25.294Z" },
    { url = "https://files.pythonhosted.org/packages/7d/c0/692545232a17d5772d15c7e50d54415bdd9b88018e2228607c96766af961/pymongo-4.15.4-cp313-cp313-manylinux2014_s390x.manylinux_2_17_s390x.manylinux_2_28_s390x.whl", hash = "sha256:b60fd8125f52efffd697490b6ccebc6e09d44069ad9c8795df0a684a9a8f4b3c", size = 2070189, upload-time = "2025-11-11T20:51:27.162Z" },
    { url = "https://files.pythonhosted.org/packages/6f/9f/aae8eb4650d9a62f26baca4f4da2a0f5cd1aabcd4229dabc43cd71e09ea2/pymongo-4.15.4-cp313-cp313-manylinux2014_x86_64.manylinux_2_17_x86_64.manylinux_2_28_x86_64.whl", hash = "sha256:4d1a1a0406acd000377f34ae91cdb501fa73601a2d071e4a661e0c862e1b166e", size = 1985254, upload-time = "2025-11-11T20:51:29.136Z" },
    { url = "https://files.pythonhosted.org/packages/b1/cd/50f49788caa317c7b00ccf0869805cb2b3046c2510f960cb07e8d3a74f73/pymongo-4.15.4-cp313-cp313-win32.whl", hash = "sha256:9c5710ed5f2af95315db0ee8ae02e9ff1e85e7b068c507d980bc24fe9d025257", size = 938134, upload-time = "2025-11-11T20:51:31.254Z" },
    { url = "https://files.pythonhosted.org/packages/10/ad/6e96ccb3b7ab8be2e22b1c50b98aed0cae19253174bca6807fc8fd1ce34c/pymongo-4.15.4-cp313-cp313-win_amd64.whl", hash = "sha256:61b0863c7f9b460314db79b7f8541d3b490b453ece49afd56b611b214fc4b3b1", size = 962595, upload-time = "2025-11-11T20:51:33.118Z" },
    { url = "https://files.pythonhosted.org/packages/22/23/9b9255e432df4bc276ecb9bb6e81c3376d8ee2b19de02d3751bb5c4a6fb1/pymongo-4.15.4-cp313-cp313-win_arm64.whl", hash = "sha256:0255af7d5c23c5e8cb4d9bb12906b142acebab0472117e1d5e3a8e6e689781cb", size = 944298, upload-time = "2025-11-11T20:51:35.13Z" },
    { url = "https://files.pythonhosted.org/packages/9f/e6/f315ea84656adcd18d5b5e8b362b47c36bf606843098688cc0809b28c8a8/pymongo-4.15.4-cp314-cp314-macosx_10_15_x86_64.whl", hash = "sha256:539f9fa5bb04a09fc2965cdcae3fc91d1c6a1f4f1965b34df377bc7119e3d7cd", size = 1029994, upload-time = "2025-11-11T20:51:36.808Z" },
    { url = "https://files.pythonhosted.org/packages/bb/0c/0c364db72cd80a503829885643478dd144a8bf05e1e853c89648a06ad34b/pymongo-4.15.4-cp314-cp314-macosx_11_0_arm64.whl", hash = "sha256:68354a77cf78424d27216b1cb7c9b0f67da16aae855045279ba8d73bb61f5ad0", size = 1029615, upload-time = "2025-11-11T20:51:38.551Z" },
    { url = "https://files.pythonhosted.org/packages/50/71/6f37eea22ffa5b136c1ca0a21ba390c273b582d800bc979961fbd46c9bcc/pymongo-4.15.4-cp314-cp314-manylinux1_i686.manylinux_2_28_i686.manylinux_2_5_i686.whl", hash = "sha256:a9a90d556c2ef1572d2aef525ef19477a82d659d117eb3a51fa99e617d07dc44", size = 2211805, upload-time = "2025-11-11T20:51:40.657Z" },
    { url = "https://files.pythonhosted.org/packages/24/09/3a538cb82766ce89559c4ca0d5694f782485080db6a8f628784dc7debba8/pymongo-4.15.4-cp314-cp314-manylinux2014_aarch64.manylinux_2_17_aarch64.manylinux_2_28_aarch64.whl", hash = "sha256:a1aac57614fb86a3fa707af3537c30eda5e7fd1be712c1f723296292ac057afe", size = 2264618, upload-time = "2025-11-11T20:51:42.651Z" },
    { url = "https://files.pythonhosted.org/packages/51/6b/66b4fe2d3c566ed655d95b1d8947dfea05642b05a285a3081d6cebc4f5da/pymongo-4.15.4-cp314-cp314-manylinux2014_ppc64le.manylinux_2_17_ppc64le.manylinux_2_28_ppc64le.whl", hash = "sha256:c6c21b49c5e021d9ce02cac33525c722d4c6887f7cde19a5a9154f66cb845e84", size = 2371810, upload-time = "2025-11-11T20:51:44.372Z" },
    { url = "https://files.pythonhosted.org/packages/92/2b/3989960c7de983c5cc05b2d43b26fa560fe9de433ee60b83259d6ee2cde3/pymongo-4.15.4-cp314-cp314-manylinux2014_s390x.manylinux_2_17_s390x.manylinux_2_28_s390x.whl", hash = "sha256:e93828768470026099119295c68ed0dbc0a50022558be5e334f6dbda054f1d32", size = 2351848, upload-time = "2025-11-11T20:51:46.548Z" },
    { url = "https://files.pythonhosted.org/packages/31/93/ee9f8a42eed6ecb8dda52e586a470bf88007a298b0f1a2c4ea1ff352af8e/pymongo-4.15.4-cp314-cp314-manylinux2014_x86_64.manylinux_2_17_x86_64.manylinux_2_28_x86_64.whl", hash = "sha256:11840e9eb5a650ac190f2a3473631073daddbabdbb2779b6709dfddd3ba3b872", size = 2251338, upload-time = "2025-11-11T20:51:48.335Z" },
    { url = "https://files.pythonhosted.org/packages/a0/36/c6609f632bcaffcdf9f7e67cb888402a1df049a7c3ff2f56067a0b451a59/pymongo-4.15.4-cp314-cp314-win32.whl", hash = "sha256:f0907b46df97b01911bf2e10ddbb23c2303629e482d81372031fd7f4313b9013", size = 992893, upload-time = "2025-11-11T20:51:50.775Z" },
    { url = "https://files.pythonhosted.org/packages/f0/23/4ec0f7c9bf3397b6cafaf714f5bfe0a9944e7af088daa01d258eec031118/pymongo-4.15.4-cp314-cp314-win_amd64.whl", hash = "sha256:111d7f65ccbde908546cb36d14e22f12a73a4de236fd056f41ed515d1365f134", size = 1021204, upload-time = "2025-11-11T20:51:52.691Z" },
    { url = "https://files.pythonhosted.org/packages/2b/71/3813d15fa5ce6fb5fb40775bedc95a1970790f5aba968d92b014a796aab6/pymongo-4.15.4-cp314-cp314-win_arm64.whl", hash = "sha256:c689a5d057ef013612b5aa58e6bf52f7fdb186e22039f1a3719985b5d0399932", size = 1000608, upload-time = "2025-11-11T20:51:54.442Z" },
    { url = "https://files.pythonhosted.org/packages/12/e7/10f3bc034fcec374dc46462b369205527478199a803169cb10e9e4b48c68/pymongo-4.15.4-cp314-cp314t-macosx_10_15_x86_64.whl", hash = "sha256:cdfa57760745387cde93615a48f622bf1eeae8ae28103a8a5100b9389eec22f9", size = 1086725, upload-time = "2025-11-11T20:51:57.266Z" },
    { url = "https://files.pythonhosted.org/packages/40/ee/b59cad7d46598d48708bd2a6559ea8b9cbb6fb9665d617b5a52b58de81b3/pymongo-4.15.4-cp314-cp314t-macosx_11_0_arm64.whl", hash = "sha256:4fd6ba610e5a54090c4055a15f38d19ad8bf11e6bbc5a173e945c755a16db455", size = 1086660, upload-time = "2025-11-11T20:51:59.114Z" },
    { url = "https://files.pythonhosted.org/packages/0a/84/58efbde2b52a577f9162bb9b97605b6669354bb171bc241a0dc2639536d7/pymongo-4.15.4-cp314-cp314t-manylinux1_i686.manylinux_2_28_i686.manylinux_2_5_i686.whl", hash = "sha256:bd3c7945b8a5563aa3951db26ba534372fba4c781473f5d55ce6340b7523cb0f", size = 2531617, upload-time = "2025-11-11T20:52:01.006Z" },
    { url = "https://files.pythonhosted.org/packages/f8/cd/7bd739d04b67c99f00c942465b8ab7659dc2c1ad80108b5f4f74eecdf9f3/pymongo-4.15.4-cp314-cp314t-manylinux2014_aarch64.manylinux_2_17_aarch64.manylinux_2_28_aarch64.whl", hash = "sha256:41e98a31e79d74e9d78bc1638b71c3a10a910eae7d3318e2ae8587c760931451", size = 2603756, upload-time = "2025-11-11T20:52:03.029Z" },
    { url = "https://files.pythonhosted.org/packages/4a/39/5a3b01f7e5fd464656421246516723c02067e85bbfb52d30da7d79b8336f/pymongo-4.15.4-cp314-cp314t-manylinux2014_ppc64le.manylinux_2_17_ppc64le.manylinux_2_28_ppc64le.whl", hash = "sha256:d18d89073b5e752391c237d2ee86ceec1e02a4ad764b3029f24419eedd12723e", size = 2725205, upload-time = "2025-11-11T20:52:04.968Z" },
    { url = "https://files.pythonhosted.org/packages/c7/a8/b06231d5ea48d0fcc47bf6c2cebfd8dbea3eda1a1d7bf786443cb9ef5b94/pymongo-4.15.4-cp314-cp314t-manylinux2014_s390x.manylinux_2_17_s390x.manylinux_2_28_s390x.whl", hash = "sha256:edbff27a56a80b8fe5c0319200c44e63b1349bf20db27d9734ddcf23c0d72b35", size = 2704793, upload-time = "2025-11-11T20:52:07.164Z" },
    { url = "https://files.pythonhosted.org/packages/d0/a3/c0ea0da1185d3be4e73923ab3b74f14f424b40f787c710690c83004f147a/pymongo-4.15.4-cp314-cp314t-manylinux2014_x86_64.manylinux_2_17_x86_64.manylinux_2_28_x86_64.whl", hash = "sha256:f1d75f5b51304176631c12e5bf47eed021446669e5f99379b76fd2bd3929c1b4", size = 2582263, upload-time = "2025-11-11T20:52:09.016Z" },
    { url = "https://files.pythonhosted.org/packages/c8/f7/29ce41f9e55b1dd912bed39b76e9326e23ff6c097c4a8de88b2c5bcd54e5/pymongo-4.15.4-cp314-cp314t-win32.whl", hash = "sha256:e1bf4e0689cc48e0cfa6aef17f107c298d8898de0c6e782ea5c98450ae93a62f", size = 1044009, upload-time = "2025-11-11T20:52:11.138Z" },
    { url = "https://files.pythonhosted.org/packages/01/71/3fade727cc4c7ac77fe19c4e3a6bbfb66d7f46796108ba106f236c64492f/pymongo-4.15.4-cp314-cp314t-win_amd64.whl", hash = "sha256:3fc347ea5eda6c3a7177c3a9e4e9b4e570a444a351effda4a898c2d352a1ccd1", size = 1078479, upload-time = "2025-11-11T20:52:13.324Z" },
    { url = "https://files.pythonhosted.org/packages/60/0f/d450350f103db4bb856cb1ee60c8b1fa68d5ac50c846896d74deba3e9950/pymongo-4.15.4-cp314-cp314t-win_arm64.whl", hash = "sha256:2d921b84c681c5385a6f7ba2b5740cb583544205a00877aad04b5b12ab86ad26", size = 1051155, upload-time = "2025-11-11T20:52:15.185Z" },
]

[[package]]
name = "pyrogram"
version = "2.0.106"
source = { registry = "https://pypi.org/simple" }
dependencies = [
    { name = "pyaes" },
    { name = "pysocks" },
]
sdist = { url = "https://files.pythonhosted.org/packages/c8/8e/5d09eca17271320bb9a95e50b7e053770aee85b3fd338e8267e7b6b280ae/Pyrogram-2.0.106.tar.gz", hash = "sha256:30202995758fcb6e0f91224704ab7fedefea454297724bd70a6a71a23748c16f", size = 345997, upload-time = "2023-04-30T18:24:45.506Z" }
wheels = [
    { url = "https://files.pythonhosted.org/packages/37/88/502ec24914d208e06baa6f27ff812f46815bb4f302018ad848ebf518abdf/Pyrogram-2.0.106-py3-none-any.whl", hash = "sha256:32b62b3d93030b1080cbe45b88c0e8790cf4e2179cf3321ede810d48edf97bc7", size = 3573685, upload-time = "2023-04-30T18:24:41.986Z" },
]

[[package]]
name = "pysocks"
version = "1.7.1"
source = { registry = "https://pypi.org/simple" }
sdist = { url = "https://files.pythonhosted.org/packages/bd/11/293dd436aea955d45fc4e8a35b6ae7270f5b8e00b53cf6c024c83b657a11/PySocks-1.7.1.tar.gz", hash = "sha256:3f8804571ebe159c380ac6de37643bb4685970655d3bba243530d6558b799aa0", size = 284429, upload-time = "2019-09-20T02:07:35.714Z" }
wheels = [
    { url = "https://files.pythonhosted.org/packages/8d/59/b4572118e098ac8e46e399a1dd0f2d85403ce8bbaad9ec79373ed6badaf9/PySocks-1.7.1-py3-none-any.whl", hash = "sha256:2725bd0a9925919b9b51739eea5f9e2bae91e83288108a9ad338b2e3a4435ee5", size = 16725, upload-time = "2019-09-20T02:06:22.938Z" },
]

[[package]]
name = "python-dotenv"
version = "1.2.1"
source = { registry = "https://pypi.org/simple" }
sdist = { url = "https://files.pythonhosted.org/packages/f0/26/19cadc79a718c5edbec86fd4919a6b6d3f681039a2f6d66d14be94e75fb9/python_dotenv-1.2.1.tar.gz", hash = "sha256:42667e897e16ab0d66954af0e60a9caa94f0fd4ecf3aaf6d2d260eec1aa36ad6", size = 44221, upload-time = "2025-10-26T15:12:10.434Z" }
wheels = [
    { url = "https://files.pythonhosted.org/packages/14/1b/a298b06749107c305e1fe0f814c6c74aea7b2f1e10989cb30f544a1b3253/python_dotenv-1.2.1-py3-none-any.whl", hash = "sha256:b81ee9561e9ca4004139c6cbba3a238c32b03e4894671e181b671e8cb8425d61", size = 21230, upload-time = "2025-10-26T15:12:09.109Z" },
]

[[package]]
name = "repl-nix-workspace"
version = "0.1.0"
source = { virtual = "." }
dependencies = [
    { name = "aiofiles" },
    { name = "motor" },
    { name = "pymongo" },
    { name = "pyrogram" },
    { name = "python-dotenv" },
    { name = "tgcrypto" },
]

[package.metadata]
requires-dist = [
    { name = "aiofiles", specifier = ">=25.1.0" },
    { name = "motor", specifier = ">=3.7.1" },
    { name = "pymongo", specifier = ">=4.15.4" },
    { name = "pyrogram", specifier = ">=2.0.106" },
    { name = "python-dotenv", specifier = ">=1.2.1" },
    { name = "tgcrypto", specifier = ">=1.2.5" },
]

[[package]]
name = "tgcrypto"
version = "1.2.5"
source = { registry = "https://pypi.org/simple" }
sdist = { url = "https://files.pythonhosted.org/packages/33/59/7cf5ced989e3139a791d5452d58cb8994de589576b80f9267ba76d794f6c/TgCrypto-1.2.5.tar.gz", hash = "sha256:9bc2cac6fb9a12ef5b08f3dd500174fe374d89b660cce981f57e3138559cb682", size = 37280, upload-time = "2022-11-11T19:55:11.436Z" }
wheels = [
    { url = "https://files.pythonhosted.org/packages/48/e6/07dc413e57f3677e0b887975b174d9cbc8170e92651dd35a784da9571d5f/TgCrypto-1.2.5-cp311-cp311-macosx_10_9_universal2.whl", hash = "sha256:59597cdb1c87eb1184088563d20b42a8f2e431e9334fed64926079044ad2a4af", size = 58988, upload-time = "2022-11-11T19:51:41.686Z" },
    { url = "https://files.pythonhosted.org/packages/c1/fe/a418223ff6079184f50f5ad8c2dac37ec40adbb42b886c3ee44fdba2a540/TgCrypto-1.2.5-cp311-cp311-macosx_10_9_x86_64.whl", hash = "sha256:1283337ae75b02406dd700377b8b783e70033b548492517df6e6c4156b0ed69c", size = 43347, upload-time = "2022-11-11T19:51:43.662Z" },
    { url = "https://files.pythonhosted.org/packages/39/0e/e861a9987c6d9d3ae04d156732311e018558f862490c466c369d73094807/TgCrypto-1.2.5-cp311-cp311-macosx_11_0_arm64.whl", hash = "sha256:1735437df0023a40e5fdd95e6b09ce806ec8f2cd2f8879023818840dfae60cab", size = 43123, upload-time = "2022-11-11T19:51:45.094Z" },
    { url = "https://files.pythonhosted.org/packages/0d/ce/d60e249ac4d31d591f4c8ca76e7bd537f4c54f1947b400a14ac3a1678b09/TgCrypto-1.2.5-cp311-cp311-manylinux_2_17_x86_64.manylinux2014_x86_64.whl", hash = "sha256:cfa17a20206532c6d2442c9d7a7f6434120bd75896ad9a3e9b9277477afa084f", size = 60713, upload-time = "2022-11-11T19:51:46.411Z" },
    { url = "https://files.pythonhosted.org/packages/27/55/50f81b1a557bd8f9b73f7fcda2381f8826665858750968394ceec0b01282/TgCrypto-1.2.5-cp311-cp311-manylinux_2_5_i686.manylinux1_i686.manylinux_2_17_i686.manylinux2014_i686.whl", hash = "sha256:48da3674474839e5619e7430ff1f98aed9f55369f3cfaef7f65511852869572e", size = 60418, upload-time = "2022-11-11T19:51:47.872Z" },
    { url = "https://files.pythonhosted.org/packages/f3/55/7f5f5a024b71ef81b07c3fe15e79d03b634eb349b04bc79a62c8c3ed3376/TgCrypto-1.2.5-cp311-cp311-musllinux_1_1_i686.whl", hash = "sha256:b49e982e5b156be821a5235bd9102c00dc506a58607e2c8bd50ac872724a951f", size = 64397, upload-time = "2022-11-11T19:51:49.609Z" },
    { url = "https://files.pythonhosted.org/packages/76/3e/8f059edce82de8ebbc1e513076c0f65a86fac95887fae21ae087440ef23a/TgCrypto-1.2.5-cp311-cp311-musllinux_1_1_x86_64.whl", hash = "sha256:9d9f13586065a6d86d05c16409054033a84be208acee29b49f6f194e27b08642", size = 64436, upload-time = "2022-11-11T19:51:51.414Z" },
    { url = "https://files.pythonhosted.org/packages/eb/87/fe894eb7c4cce4b6f710223c24e0ca22f4107fe46f3f56091ceabd482de7/TgCrypto-1.2.5-cp311-cp311-win32.whl", hash = "sha256:10dd3870aecb1a783c6eafd3b164b2149dbc93a9ee13feb7e6f5c58f87c24cd0", size = 44723, upload-time = "2022-11-11T19:51:52.982Z" },
    { url = "https://files.pythonhosted.org/packages/c1/fc/b918235b19b70a45f4a596c773fad2c379d941d2ac5005293e2ee18bdc63/TgCrypto-1.2.5-cp311-cp311-win_amd64.whl", hash = "sha256:a1beec47d6af8b509af7cf266e30f7703208076076594714005b42d2c25225b3", size = 45073, upload-time = "2022-11-11T19:51:54.724Z" },
]
